{
    "_meta": {
        "hash": {
            "sha256": "77d95c305887095ee9fde56064d3f24800a74a3570f4bf6db5714729719f31e5"
        },
        "pipfile-spec": 6,
        "requires": {
            "python_version": "3.6"
        },
        "sources": [
            {
                "name": "pypi",
                "url": "https://pypi.org/simple",
                "verify_ssl": true
            }
        ]
    },
    "default": {
        "amqp": {
            "hashes": [
                "sha256:70cdb10628468ff14e57ec2f751c7aa9e48e7e3651cfd62d431213c0c4e58f21",
                "sha256:aa7f313fb887c91f15474c1229907a04dac0b8135822d6603437803424c0aa59"
            ],
            "markers": "python_version >= '2.7' and python_version not in '3.0, 3.1, 3.2, 3.3, 3.4'",
            "version": "==2.6.1"
        },
        "attrs": {
            "hashes": [
                "sha256:31b2eced602aa8423c2aea9c76a724617ed67cf9513173fd3a4f03e3a929c7e6",
                "sha256:832aa3cde19744e49938b91fea06d69ecb9e649c93ba974535d08ad92164f700"
            ],
            "markers": "python_version >= '2.7' and python_version not in '3.0, 3.1, 3.2, 3.3'",
            "version": "==20.3.0"
        },
        "billiard": {
            "hashes": [
                "sha256:bff575450859a6e0fbc2f9877d9b715b0bbc07c3565bb7ed2280526a0cdf5ede",
                "sha256:d91725ce6425f33a97dfa72fb6bfef0e47d4652acd98a032bd1a7fbf06d5fa6a"
            ],
            "version": "==3.6.3.0"
        },
        "cachetools": {
            "hashes": [
                "sha256:1d9d5f567be80f7c07d765e21b814326d78c61eb0c3a637dffc0e5d1796cb2e2",
                "sha256:f469e29e7aa4cff64d8de4aad95ce76de8ea1125a16c68e0d93f65c3c3dc92e9"
            ],
            "markers": "python_version ~= '3.5'",
            "version": "==4.2.1"
        },
        "celery": {
            "hashes": [
                "sha256:a92e1d56e650781fb747032a3997d16236d037c8199eacd5217d1a72893bca45",
                "sha256:d220b13a8ed57c78149acf82c006785356071844afe0b27012a4991d44026f9f"
            ],
            "index": "pypi",
            "version": "==4.4.7"
        },
        "certifi": {
            "hashes": [
                "sha256:e4f3620cfea4f83eedc95b24abd9cd56f3c4b146dd0177e83a21b4eb49e21e50",
                "sha256:fd7c7c74727ddcf00e9acd26bba8da604ffec95bf1c2144e67aff7a8b50e6cef"
            ],
            "index": "pypi",
            "version": "==2019.9.11"
        },
        "cffi": {
            "hashes": [
                "sha256:005a36f41773e148deac64b08f233873a4d0c18b053d37da83f6af4d9087b813",
                "sha256:0857f0ae312d855239a55c81ef453ee8fd24136eaba8e87a2eceba644c0d4c06",
                "sha256:1071534bbbf8cbb31b498d5d9db0f274f2f7a865adca4ae429e147ba40f73dea",
                "sha256:1f436816fc868b098b0d63b8920de7d208c90a67212546d02f84fe78a9c26396",
                "sha256:2894f2df484ff56d717bead0a5c2abb6b9d2bf26d6960c4604d5c48bbc30ee73",
                "sha256:29314480e958fd8aab22e4a58b355b629c59bf5f2ac2492b61e3dc06d8c7a315",
                "sha256:34eff4b97f3d982fb93e2831e6750127d1355a923ebaeeb565407b3d2f8d41a1",
                "sha256:3d3dd4c9e559eb172ecf00a2a7517e97d1e96de2a5e610bd9b68cea3925b4892",
                "sha256:43e0b9d9e2c9e5d152946b9c5fe062c151614b262fda2e7b201204de0b99e482",
                "sha256:48e1c69bbacfc3d932221851b39d49e81567a4d4aac3b21258d9c24578280058",
                "sha256:51182f8927c5af975fece87b1b369f722c570fe169f9880764b1ee3bca8347b5",
                "sha256:58e3f59d583d413809d60779492342801d6e82fefb89c86a38e040c16883be53",
                "sha256:5de7970188bb46b7bf9858eb6890aad302577a5f6f75091fd7cdd3ef13ef3045",
                "sha256:65fa59693c62cf06e45ddbb822165394a288edce9e276647f0046e1ec26920f3",
                "sha256:69e395c24fc60aad6bb4fa7e583698ea6cc684648e1ffb7fe85e3c1ca131a7d5",
                "sha256:6c97d7350133666fbb5cf4abdc1178c812cb205dc6f41d174a7b0f18fb93337e",
                "sha256:6e4714cc64f474e4d6e37cfff31a814b509a35cb17de4fb1999907575684479c",
                "sha256:72d8d3ef52c208ee1c7b2e341f7d71c6fd3157138abf1a95166e6165dd5d4369",
                "sha256:8b198cec6c72df5289c05b05b8b0969819783f9418e0409865dac47288d2a053",
                "sha256:99cd03ae7988a93dd00bcd9d0b75e1f6c426063d6f03d2f90b89e29b25b82dfa",
                "sha256:9cf8022fb8d07a97c178b02327b284521c7708d7c71a9c9c355c178ac4bbd3d4",
                "sha256:9de2e279153a443c656f2defd67769e6d1e4163952b3c622dcea5b08a6405322",
                "sha256:9ff227395193126d82e60319a673a037d5de84633f11279e336f9c0f189ecc62",
                "sha256:a465da611f6fa124963b91bf432d960a555563efe4ed1cc403ba5077b15370aa",
                "sha256:ad17025d226ee5beec591b52800c11680fca3df50b8b29fe51d882576e039ee0",
                "sha256:afb29c1ba2e5a3736f1c301d9d0abe3ec8b86957d04ddfa9d7a6a42b9367e396",
                "sha256:b85eb46a81787c50650f2392b9b4ef23e1f126313b9e0e9013b35c15e4288e2e",
                "sha256:bb89f306e5da99f4d922728ddcd6f7fcebb3241fc40edebcb7284d7514741991",
                "sha256:cbde590d4faaa07c72bf979734738f328d239913ba3e043b1e98fe9a39f8b2b6",
                "sha256:cd2868886d547469123fadc46eac7ea5253ea7fcb139f12e1dfc2bbd406427d1",
                "sha256:d42b11d692e11b6634f7613ad8df5d6d5f8875f5d48939520d351007b3c13406",
                "sha256:f2d45f97ab6bb54753eab54fffe75aaf3de4ff2341c9daee1987ee1837636f1d",
                "sha256:fd78e5fee591709f32ef6edb9a015b4aa1a5022598e36227500c8f4e02328d9c"
            ],
            "version": "==1.14.5"
        },
        "chardet": {
            "hashes": [
                "sha256:84ab92ed1c4d4f16916e05906b6b75a6c0fb5db821cc65e70cbd64a3e2a5eaae",
                "sha256:fc323ffcaeaed0e0a02bf4d117757b98aed530d9ed4531e3e15460124c106691"
            ],
            "index": "pypi",
            "version": "==3.0.4"
        },
        "coverage": {
            "hashes": [
                "sha256:03ed2a641e412e42cc35c244508cf186015c217f0e4d496bf6d7078ebe837ae7",
                "sha256:04b14e45d6a8e159c9767ae57ecb34563ad93440fc1b26516a89ceb5b33c1ad5",
                "sha256:0cdde51bfcf6b6bd862ee9be324521ec619b20590787d1655d005c3fb175005f",
                "sha256:0f48fc7dc82ee14aeaedb986e175a429d24129b7eada1b7e94a864e4f0644dde",
                "sha256:107d327071061fd4f4a2587d14c389a27e4e5c93c7cba5f1f59987181903902f",
                "sha256:1375bb8b88cb050a2d4e0da901001347a44302aeadb8ceb4b6e5aa373b8ea68f",
                "sha256:14a9f1887591684fb59fdba8feef7123a0da2424b0652e1b58dd5b9a7bb1188c",
                "sha256:16baa799ec09cc0dcb43a10680573269d407c159325972dd7114ee7649e56c66",
                "sha256:1b811662ecf72eb2d08872731636aee6559cae21862c36f74703be727b45df90",
                "sha256:1ccae21a076d3d5f471700f6d30eb486da1626c380b23c70ae32ab823e453337",
                "sha256:2f2cf7a42d4b7654c9a67b9d091ec24374f7c58794858bff632a2039cb15984d",
                "sha256:322549b880b2d746a7672bf6ff9ed3f895e9c9f108b714e7360292aa5c5d7cf4",
                "sha256:32ab83016c24c5cf3db2943286b85b0a172dae08c58d0f53875235219b676409",
                "sha256:3fe50f1cac369b02d34ad904dfe0771acc483f82a1b54c5e93632916ba847b37",
                "sha256:4a780807e80479f281d47ee4af2eb2df3e4ccf4723484f77da0bb49d027e40a1",
                "sha256:4a8eb7785bd23565b542b01fb39115a975fefb4a82f23d407503eee2c0106247",
                "sha256:5bee3970617b3d74759b2d2df2f6a327d372f9732f9ccbf03fa591b5f7581e39",
                "sha256:60a3307a84ec60578accd35d7f0c71a3a971430ed7eca6567399d2b50ef37b8c",
                "sha256:6625e52b6f346a283c3d563d1fd8bae8956daafc64bb5bbd2b8f8a07608e3994",
                "sha256:66a5aae8233d766a877c5ef293ec5ab9520929c2578fd2069308a98b7374ea8c",
                "sha256:68fb816a5dd901c6aff352ce49e2a0ffadacdf9b6fae282a69e7a16a02dad5fb",
                "sha256:6b588b5cf51dc0fd1c9e19f622457cc74b7d26fe295432e434525f1c0fae02bc",
                "sha256:6c4d7165a4e8f41eca6b990c12ee7f44fef3932fac48ca32cecb3a1b2223c21f",
                "sha256:6d2e262e5e8da6fa56e774fb8e2643417351427604c2b177f8e8c5f75fc928ca",
                "sha256:6d9c88b787638a451f41f97446a1c9fd416e669b4d9717ae4615bd29de1ac135",
                "sha256:755c56beeacac6a24c8e1074f89f34f4373abce8b662470d3aa719ae304931f3",
                "sha256:7e40d3f8eb472c1509b12ac2a7e24158ec352fc8567b77ab02c0db053927e339",
                "sha256:812eaf4939ef2284d29653bcfee9665f11f013724f07258928f849a2306ea9f9",
                "sha256:84df004223fd0550d0ea7a37882e5c889f3c6d45535c639ce9802293b39cd5c9",
                "sha256:859f0add98707b182b4867359e12bde806b82483fb12a9ae868a77880fc3b7af",
                "sha256:87c4b38288f71acd2106f5d94f575bc2136ea2887fdb5dfe18003c881fa6b370",
                "sha256:89fc12c6371bf963809abc46cced4a01ca4f99cba17be5e7d416ed7ef1245d19",
                "sha256:9564ac7eb1652c3701ac691ca72934dd3009997c81266807aef924012df2f4b3",
                "sha256:9754a5c265f991317de2bac0c70a746efc2b695cf4d49f5d2cddeac36544fb44",
                "sha256:a565f48c4aae72d1d3d3f8e8fb7218f5609c964e9c6f68604608e5958b9c60c3",
                "sha256:a636160680c6e526b84f85d304e2f0bb4e94f8284dd765a1911de9a40450b10a",
                "sha256:a839e25f07e428a87d17d857d9935dd743130e77ff46524abb992b962eb2076c",
                "sha256:b62046592b44263fa7570f1117d372ae3f310222af1fc1407416f037fb3af21b",
                "sha256:b7f7421841f8db443855d2854e25914a79a1ff48ae92f70d0a5c2f8907ab98c9",
                "sha256:ba7ca81b6d60a9f7a0b4b4e175dcc38e8fef4992673d9d6e6879fd6de00dd9b8",
                "sha256:bb32ca14b4d04e172c541c69eec5f385f9a075b38fb22d765d8b0ce3af3a0c22",
                "sha256:c0ff1c1b4d13e2240821ef23c1efb1f009207cb3f56e16986f713c2b0e7cd37f",
                "sha256:c669b440ce46ae3abe9b2d44a913b5fd86bb19eb14a8701e88e3918902ecd345",
                "sha256:c67734cff78383a1f23ceba3b3239c7deefc62ac2b05fa6a47bcd565771e5880",
                "sha256:c6809ebcbf6c1049002b9ac09c127ae43929042ec1f1dbd8bb1615f7cd9f70a0",
                "sha256:cd601187476c6bed26a0398353212684c427e10a903aeafa6da40c63309d438b",
                "sha256:ebfa374067af240d079ef97b8064478f3bf71038b78b017eb6ec93ede1b6bcec",
                "sha256:fbb17c0d0822684b7d6c09915677a32319f16ff1115df5ec05bdcaaee40b35f3",
                "sha256:fff1f3a586246110f34dc762098b5afd2de88de507559e63553d7da643053786"
            ],
            "index": "pypi",
            "version": "==5.4"
        },
        "cryptography": {
            "hashes": [
                "sha256:287032b6a7d86abc98e8e977b20138c53fea40e5b24e29090d5a675a973dcd10",
                "sha256:288c65eea20bd89b11102c47b118bc1e0749386b0a0dfebba414076c5d4c8188",
                "sha256:7eed937ad9b53280a5f53570d3a7dc93cb4412b6a3d58d4c6bb78cc26319c729",
                "sha256:dab437c2e84628703e3358f0f06555a6259bc5039209d51aa3b05af667ff4fd0",
                "sha256:ee5e19f0856b6fbbdbab15c2787ca65d203801d2d65d0b8de6218f424206c848",
                "sha256:f21be9ec6b44c223b2024bbe59d394fadc7be320d18a8d595419afadb6cd5620",
                "sha256:f6ea140d2736b7e1f0de4f988c43f76b0b3f3d365080e091715429ba218dce28"
            ],
            "index": "pypi",
            "version": "==3.4.4"
        },
        "decorator": {
            "hashes": [
                "sha256:7d46dd9f3ea1cf5f06ee0e4e1277ae618cf48dfb10ada7c8427cd46c42702a0e",
                "sha256:94d1d8905f5010d74bbbd86c30471255661a14187c45f8d7f3e5aa8540fdb2e5"
            ],
            "index": "pypi",
            "version": "==4.2.1"
        },
        "django": {
            "hashes": [
                "sha256:7c3543e4fb070d14e10926189a7fcf42ba919263b7473dceaefce34d54e8a119",
                "sha256:a2814bffd1f007805b19194eb0b9a331933b82bd5da1c3ba3d7b7ba16e06dc4b"
            ],
            "index": "pypi",
            "version": "==2.2"
        },
        "django-appconf": {
            "hashes": [
                "sha256:35f13ca4d567f132b960e2cd4c832c2d03cb6543452d34e29b7ba10371ba80e3",
                "sha256:c98a7af40062e996b921f5962a1c4f3f0c979fa7885f7be4710cceb90ebe13a6"
            ],
            "index": "pypi",
            "version": "==1.0.3"
        },
        "django-colorfield": {
            "hashes": [
                "sha256:63a542c417b72d0dac898a0f61a2a00aed3c9aabc2f5057c926efccf421f7887",
                "sha256:e38f8b9dabbab48a6dab3d1eb5bd802decb92970d56a28128c9a70cdbf383e30"
            ],
            "index": "pypi",
            "version": "==0.4.1"
        },
        "django-compressor": {
            "hashes": [
                "sha256:47c86347f75c64954a06afbbfc820a750619e10c23a49272b865020a407b7edd",
                "sha256:da9ee5ce4fc8b9211dcecd2229520514a4ba9ac3bcdc59b48092ec4d7f6b96b0"
            ],
            "index": "pypi",
            "version": "==2.3"
        },
        "django-crispy-forms": {
            "hashes": [
                "sha256:5952bab971110d0b86c278132dae0aa095beee8f723e625c3d3fa28888f1675f",
                "sha256:705ededc554ad8736157c666681165fe22ead2dec0d5446d65fc9dd976a5a876"
            ],
            "index": "pypi",
            "version": "==1.7.2"
        },
        "django-extra-views": {
            "hashes": [
                "sha256:27e0ad5ce349abe455504badee837060e8508032fcfe1dfaee115d21b775a383"
            ],
            "index": "pypi",
            "version": "==0.12.0"
        },
        "django-nose": {
            "hashes": [
                "sha256:5df2df802c607daeeab8ac1e93abf54508ed6133eb93852310f512000124b4a5",
                "sha256:87663f18cb25f01d56c84ac1ff8a0e6e6a6246264b2549b751cb239d0642e76a"
            ],
            "index": "pypi",
            "version": "==1.4.5"
        },
        "django-sass": {
            "hashes": [
                "sha256:83a054b3d5f8f9b3694b484260a30f7caa927670d414d42fc67edd13d86e1852",
                "sha256:c295fb20796bf03be87a815f2c8d9d9de5738014a09513b9603e2fa171687d22"
            ],
            "index": "pypi",
            "version": "==0.2.0"
        },
        "django-sass-processor": {
            "hashes": [
                "sha256:5ba3568e53caf1d59573afa75d71e42c23bddbd5b48cbea831816cd72ed242f9"
            ],
            "index": "pypi",
            "version": "==0.7.3"
        },
        "django-split-settings": {
            "hashes": [
                "sha256:04f6b551111fdbcb4f669ac9004ac2d4a27197a36ca88444cb896378807ed777",
                "sha256:14b164dbd724e52aa9a0b0338eefa988a8a0f17f7cba34e0f983e5348682aeb7"
            ],
            "index": "pypi",
            "version": "==0.3.0"
        },
        "django-test": {
            "hashes": [
                "sha256:68e91cb474da99b2c08e53959bc9df27e471a944e03102b9a145214f7e492a4f"
            ],
            "index": "pypi",
            "version": "==0.4030"
        },
        "et-xmlfile": {
            "hashes": [
                "sha256:614d9722d572f6246302c4491846d2c393c199cfa4edc9af593437691683335b"
            ],
            "index": "pypi",
            "version": "==1.0.1"
        },
        "factory-boy": {
            "hashes": [
                "sha256:728df59b372c9588b83153facf26d3d28947fc750e8e3c95cefa9bed0e6394ee",
                "sha256:faf48d608a1735f0d0a3c9cbf536d64f9132b547dae7ba452c4d99a79e84a370"
            ],
            "index": "pypi",
            "version": "==2.12.0"
        },
        "faker": {
            "hashes": [
                "sha256:5902379d8df308a204fc11c4f621590ee83975805a6c7b2228203b9defa45250",
                "sha256:5e8c755c619f332d5ec28b7586389665f136bcf528e165eb925e87c06a63eda7"
            ],
            "index": "pypi",
            "version": "==2.0.3"
        },
        "google-auth": {
            "hashes": [
                "sha256:1b461d079b5650efe492a7814e95c536ffa9e7a96e39a6d16189c1604f18554f",
                "sha256:8ce6862cf4e9252de10045f05fa80393fde831da9c2b45c39288edeee3cde7f2"
            ],
            "markers": "python_version >= '2.7' and python_version not in '3.0, 3.1, 3.2, 3.3, 3.4, 3.5'",
            "version": "==1.26.1"
        },
        "google-auth-oauthlib": {
            "hashes": [
                "sha256:65b65bc39ad8cab15039b35e5898455d3d66296d0584d96fe0e79d67d04c51d9",
                "sha256:d4d98c831ea21d574699978827490a41b94f05d565c617fe1b420e88f1fc8d8d"
            ],
            "markers": "python_version >= '3.6'",
            "version": "==0.4.2"
        },
        "gspread": {
            "hashes": [
                "sha256:273da28275eb8dc664b1ca944e59255949d75ac3cac62d65797003dbb419a2cd",
                "sha256:e04f1a6267b3929fc1600424c5ec83906d439672cafdd61a9d5b916a139f841c"
            ],
            "index": "pypi",
            "version": "==3.6.0"
        },
        "html5lib": {
            "hashes": [
                "sha256:20b159aa3badc9d5ee8f5c647e5efd02ed2a66ab8d354930bd9ff139fc1dc0a3",
                "sha256:66cb0dcfdbbc4f9c3ba1a63fdb511ffdbd4f513b2b6d81b80cd26ce6b3fb3736"
            ],
            "index": "pypi",
            "version": "==1.0.1"
        },
        "httplib2": {
            "hashes": [
                "sha256:34537dcdd5e0f2386d29e0e2c6d4a1703a3b982d34c198a5102e6e5d6194b107",
                "sha256:409fa5509298f739b34d5a652df762cb0042507dc93f6633e306b11289d6249d"
            ],
            "index": "pypi",
            "version": "==0.14.0"
        },
        "idna": {
            "hashes": [
                "sha256:c357b3f628cf53ae2c4c05627ecc484553142ca23264e593d327bcde5e9c3407",
                "sha256:ea8b7f6188e6fa117537c3df7da9fc686d485087abf6ac197f9c46432f7e4a3c"
            ],
            "index": "pypi",
            "version": "==2.8"
        },
        "importlib-metadata": {
            "hashes": [
                "sha256:ace61d5fc652dc280e7b6b4ff732a9c2d40db2c0f92bc6cb74e07b73d53a1771",
                "sha256:fa5daa4477a7414ae34e95942e4dd07f62adf589143c875c133c1e53c4eff38d"
            ],
            "markers": "python_version < '3.8'",
            "version": "==3.4.0"
        },
        "iniconfig": {
            "hashes": [
                "sha256:011e24c64b7f47f6ebd835bb12a743f2fbe9a26d4cecaa7f53bc4f35ee9da8b3",
                "sha256:bc3af051d7d14b2ee5ef9969666def0cd1a000e121eaea580d4a313df4b37f32"
            ],
            "version": "==1.1.1"
        },
        "jdcal": {
            "hashes": [
                "sha256:1abf1305fce18b4e8aa248cf8fe0c56ce2032392bc64bbd61b5dff2a19ec8bba",
                "sha256:472872e096eb8df219c23f2689fc336668bdb43d194094b5cc1707e1640acfc8"
            ],
            "index": "pypi",
            "version": "==1.4.1"
        },
        "kombu": {
            "hashes": [
                "sha256:be48cdffb54a2194d93ad6533d73f69408486483d189fe9f5990ee24255b0e0a",
                "sha256:ca1b45faac8c0b18493d02a8571792f3c40291cf2bcf1f55afed3d8f3aa7ba74"
            ],
            "markers": "python_version >= '2.7' and python_version not in '3.0, 3.1, 3.2, 3.3, 3.4'",
            "version": "==4.6.11"
        },
        "libsass": {
            "hashes": [
                "sha256:175355d74bd040893d539154016153247ea9775d1655a36441c97a453887a0c0",
                "sha256:3113ef32eaf3662c162c250db6883d7a5f177856bfd8bb632a147cb0a95e4fee",
                "sha256:312d135e6bd1a137927fed781dab497c05930305265e3d3b1da3b3d916cd97a6",
                "sha256:32f8322aad9b6b864b826adb5e193d704d5fb2c816f85a5cc5bf775730e5d024",
                "sha256:4252e24c8869d6ce764052f200445331d1881b5c2d283d6131a30d0684b10403",
                "sha256:517324814f81cd2642cb1e9fd772e8e50e336c7c8833d50535a731e5b4c84606",
                "sha256:607ce32c3b31542e0bf1bc2409627dd7247a3849ba720ec34d23426b96346199",
                "sha256:6124594e72ba216b00131795ad5ea5de1e0cf8784e63a01e0c6a4e4c13fc7914",
                "sha256:6129063002fc8337b734f5963ac3eb01ead51e9c88c6d27e73ddc9236cb15b2e",
                "sha256:6d392ecd6e4de2ccfa3b1953f2da8461a2b7c8c8c17c24e1c335ab3040671c1a",
                "sha256:75b38c236be6ca03e3dd3789f3044180fc0836b7c9e4991fcc52a8570f47dc91",
                "sha256:9c711d4e4d003fec7f98fe87bb1faf7d88e6d648356413d8b8d9d76bd1844089",
                "sha256:b15a0e61bd54764e658bc6931015453fa34d954f87c3b6fd35624e13bcacf69d",
                "sha256:bc0c80a4e233b6b791a7f6f99415ab877e8a4d3a45085b68981c97d74dbfc8bf",
                "sha256:c22cdc37121b730e5fb87bc8d3eee8c4b1fe219a04d198a535fbd22895c99e27",
                "sha256:c5ba74babfb3a6976611312e0026c4668913cdf05e009921e1f54146ccdc02a4",
                "sha256:f5cfe2ba69bcee673227a85603f960c061bfa49daceead07b09d9af8f6fd6f57"
            ],
            "index": "pypi",
            "version": "==0.19.3"
        },
        "mod-wsgi": {
            "hashes": [
                "sha256:804c17139b7bbcd21059833cf13384402cd45f0fc07c2c5375bacac334057d81"
            ],
            "index": "pypi",
            "version": "==4.6.8"
        },
        "nose": {
            "hashes": [
                "sha256:9ff7c6cc443f8c51994b34a667bbcf45afd6d945be7477b52e97516fd17c53ac",
                "sha256:dadcddc0aefbf99eea214e0f1232b94f2fa9bd98fa8353711dacb112bfcbbb2a",
                "sha256:f1bffef9cbc82628f6e7d7b40d7e255aefaa1adb6a1b1d26c69a8b79e6208a98"
            ],
            "index": "pypi",
            "version": "==1.3.7"
        },
        "oauth2client": {
            "hashes": [
                "sha256:b8a81cc5d60e2d364f0b1b98f958dbd472887acaf1a5b05e21c28c31a2d6d3ac",
                "sha256:d486741e451287f69568a4d26d70d9acd73a2bbfa275746c535b4209891cccc6"
            ],
            "index": "pypi",
            "version": "==4.1.3"
        },
        "oauthlib": {
            "hashes": [
                "sha256:bee41cc35fcca6e988463cacc3bcb8a96224f470ca547e697b604cc697b2f889",
                "sha256:df884cd6cbe20e32633f1db1072e9356f53638e4361bef4e8b03c9127c9328ea"
            ],
            "markers": "python_version >= '2.7' and python_version not in '3.0, 3.1, 3.2, 3.3'",
            "version": "==3.1.0"
        },
        "openpyxl": {
            "hashes": [
                "sha256:0f391b0035d7c98f25aad539726e8efc77eea250ff1a120ea7d264c03a16f5fe"
            ],
            "index": "pypi",
            "version": "==2.5.5"
        },
        "packaging": {
            "hashes": [
                "sha256:5b327ac1320dc863dca72f4514ecc086f31186744b84a230374cc1fd776feae5",
                "sha256:67714da7f7bc052e064859c05c595155bd1ee9f69f76557e21f051443c20947a"
            ],
            "markers": "python_version >= '2.7' and python_version not in '3.0, 3.1, 3.2, 3.3'",
            "version": "==20.9"
        },
        "pillow": {
            "hashes": [
                "sha256:00e0bbe9923adc5cc38a8da7d87d4ce16cde53b8d3bba8886cb928e84522d963",
                "sha256:03457e439d073770d88afdd90318382084732a5b98b0eb6f49454746dbaae701",
                "sha256:0d5c99f80068f13231ac206bd9b2e80ea357f5cf9ae0fa97fab21e32d5b61065",
                "sha256:1a3bc8e1db5af40a81535a62a591fafdb30a8a1b319798ea8052aa65ef8f06d2",
                "sha256:2b4a94be53dff02af90760c10a2e3634c3c7703410f38c98154d5ce71fe63d20",
                "sha256:3ba7d8f1d962780f86aa747fef0baf3211b80cb13310fff0c375da879c0656d4",
                "sha256:3e81485cec47c24f5fb27acb485a4fc97376b2b332ed633867dc68ac3077998c",
                "sha256:43ef1cff7ee57f9c8c8e6fa02a62eae9fa23a7e34418c7ce88c0e3fe09d1fb38",
                "sha256:4adc3302df4faf77c63ab3a83e1a3e34b94a6a992084f4aa1cb236d1deaf4b39",
                "sha256:535e8e0e02c9f1fc2e307256149d6ee8ad3aa9a6e24144b7b6e6fb6126cb0e99",
                "sha256:5ccfcb0a34ad9b77ad247c231edb781763198f405a5c8dc1b642449af821fb7f",
                "sha256:5dcbbaa3a24d091a64560d3c439a8962866a79a033d40eb1a75f1b3413bfc2bc",
                "sha256:6e2a7e74d1a626b817ecb7a28c433b471a395c010b2a1f511f976e9ea4363e64",
                "sha256:82859575005408af81b3e9171ae326ff56a69af5439d3fc20e8cb76cd51c8246",
                "sha256:834dd023b7f987d6b700ad93dc818098d7eb046bd445e9992b3093c6f9d7a95f",
                "sha256:87ef0eca169f7f0bc050b22f05c7e174a65c36d584428431e802c0165c5856ea",
                "sha256:900de1fdc93764be13f6b39dc0dd0207d9ff441d87ad7c6e97e49b81987dc0f3",
                "sha256:92b83b380f9181cacc994f4c983d95a9c8b00b50bf786c66d235716b526a3332",
                "sha256:aa1b0297e352007ec781a33f026afbb062a9a9895bb103c8f49af434b1666880",
                "sha256:aa4792ab056f51b49e7d59ce5733155e10a918baf8ce50f64405db23d5627fa2",
                "sha256:b72c39585f1837d946bd1a829a4820ccf86e361f28cbf60f5d646f06318b61e2",
                "sha256:bb7861e4618a0c06c40a2e509c1bea207eea5fd4320d486e314e00745a402ca5",
                "sha256:bc149dab804291a18e1186536519e5e122a2ac1316cb80f506e855a500b1cdd4",
                "sha256:c424d35a5259be559b64490d0fd9e03fba81f1ce8e5b66e0a59de97547351d80",
                "sha256:cbd5647097dc55e501f459dbac7f1d0402225636deeb9e0a98a8d2df649fc19d",
                "sha256:ccf16fe444cc43800eeacd4f4769971200982200a71b1368f49410d0eb769543",
                "sha256:d3a98444a00b4643b22b0685dbf9e0ddcaf4ebfd4ea23f84f228adf5a0765bb2",
                "sha256:d6b4dc325170bee04ca8292bbd556c6f5398d52c6149ca881e67daf62215426f",
                "sha256:db9ff0c251ed066d367f53b64827cc9e18ccea001b986d08c265e53625dab950",
                "sha256:e3a797a079ce289e59dbd7eac9ca3bf682d52687f718686857281475b7ca8e6a"
            ],
            "index": "pypi",
            "version": "==6.2.2"
        },
        "pluggy": {
            "hashes": [
                "sha256:15b2acde666561e1298d71b523007ed7364de07029219b604cf808bfa1c765b0",
                "sha256:966c145cd83c96502c3c3868f50408687b38434af77734af1e9ca461a4081d2d"
            ],
            "markers": "python_version >= '2.7' and python_version not in '3.0, 3.1, 3.2, 3.3'",
            "version": "==0.13.1"
        },
        "psycopg2-binary": {
            "hashes": [
                "sha256:0deac2af1a587ae12836aa07970f5cb91964f05a7c6cdb69d8425ff4c15d4e2c",
                "sha256:0e4dc3d5996760104746e6cfcdb519d9d2cd27c738296525d5867ea695774e67",
                "sha256:11b9c0ebce097180129e422379b824ae21c8f2a6596b159c7659e2e5a00e1aa0",
                "sha256:15978a1fbd225583dd8cdaf37e67ccc278b5abecb4caf6b2d6b8e2b948e953f6",
                "sha256:1fabed9ea2acc4efe4671b92c669a213db744d2af8a9fc5d69a8e9bc14b7a9db",
                "sha256:2dac98e85565d5688e8ab7bdea5446674a83a3945a8f416ad0110018d1501b94",
                "sha256:42ec1035841b389e8cc3692277a0bd81cdfe0b65d575a2c8862cec7a80e62e52",
                "sha256:6422f2ff0919fd720195f64ffd8f924c1395d30f9a495f31e2392c2efafb5056",
                "sha256:6a32f3a4cb2f6e1a0b15215f448e8ce2da192fd4ff35084d80d5e39da683e79b",
                "sha256:7312e931b90fe14f925729cde58022f5d034241918a5c4f9797cac62f6b3a9dd",
                "sha256:7d92a09b788cbb1aec325af5fcba9fed7203897bbd9269d5691bb1e3bce29550",
                "sha256:833709a5c66ca52f1d21d41865a637223b368c0ee76ea54ca5bad6f2526c7679",
                "sha256:89705f45ce07b2dfa806ee84439ec67c5d9a0ef20154e0e475e2b2ed392a5b83",
                "sha256:8cd0fb36c7412996859cb4606a35969dd01f4ea34d9812a141cd920c3b18be77",
                "sha256:950bc22bb56ee6ff142a2cb9ee980b571dd0912b0334aa3fe0fe3788d860bea2",
                "sha256:a0c50db33c32594305b0ef9abc0cb7db13de7621d2cadf8392a1d9b3c437ef77",
                "sha256:a0eb43a07386c3f1f1ebb4dc7aafb13f67188eab896e7397aa1ee95a9c884eb2",
                "sha256:aaa4213c862f0ef00022751161df35804127b78adf4a2755b9f991a507e425fd",
                "sha256:ac0c682111fbf404525dfc0f18a8b5f11be52657d4f96e9fcb75daf4f3984859",
                "sha256:ad20d2eb875aaa1ea6d0f2916949f5c08a19c74d05b16ce6ebf6d24f2c9f75d1",
                "sha256:b4afc542c0ac0db720cf516dd20c0846f71c248d2b3d21013aa0d4ef9c71ca25",
                "sha256:b8a3715b3c4e604bcc94c90a825cd7f5635417453b253499664f784fc4da0152",
                "sha256:ba28584e6bca48c59eecbf7efb1576ca214b47f05194646b081717fa628dfddf",
                "sha256:ba381aec3a5dc29634f20692349d73f2d21f17653bda1decf0b52b11d694541f",
                "sha256:bd1be66dde2b82f80afb9459fc618216753f67109b859a361cf7def5c7968729",
                "sha256:c2507d796fca339c8fb03216364cca68d87e037c1f774977c8fc377627d01c71",
                "sha256:cec7e622ebc545dbb4564e483dd20e4e404da17ae07e06f3e780b2dacd5cee66",
                "sha256:d14b140a4439d816e3b1229a4a525df917d6ea22a0771a2a78332273fd9528a4",
                "sha256:d1b4ab59e02d9008efe10ceabd0b31e79519da6fb67f7d8e8977118832d0f449",
                "sha256:d5227b229005a696cc67676e24c214740efd90b148de5733419ac9aaba3773da",
                "sha256:e1f57aa70d3f7cc6947fd88636a481638263ba04a742b4a37dd25c373e41491a",
                "sha256:e74a55f6bad0e7d3968399deb50f61f4db1926acf4a6d83beaaa7df986f48b1c",
                "sha256:e82aba2188b9ba309fd8e271702bd0d0fc9148ae3150532bbb474f4590039ffb",
                "sha256:ee69dad2c7155756ad114c02db06002f4cded41132cc51378e57aad79cc8e4f4",
                "sha256:f5ab93a2cb2d8338b1674be43b442a7f544a0971da062a5da774ed40587f18f5"
            ],
            "index": "pypi",
            "version": "==2.8.6"
        },
        "py": {
            "hashes": [
                "sha256:21b81bda15b66ef5e1a777a21c4dcd9c20ad3efd0b3f817e7a809035269e1bd3",
                "sha256:3b80836aa6d1feeaa108e046da6423ab8f6ceda6468545ae8d02d9d58d18818a"
            ],
            "markers": "python_version >= '2.7' and python_version not in '3.0, 3.1, 3.2, 3.3'",
            "version": "==1.10.0"
        },
        "pyasn1": {
            "hashes": [
                "sha256:1321d4b2f051410fe7302bb1619903d30b24ba1451d019c11d242d11b2a35444",
                "sha256:2860a047f666afd23b197a65f33145313511c368ce919b2d9b1853ffd3e9d32d",
                "sha256:2919babd43b3b44247c23201b71072c0c65a636daa595cad5bcd276094dbfc2d",
                "sha256:437a23121602c0bb6c65320b27e31e334ffd73a9ca5c6c075b66b6270b1a8184",
                "sha256:5a89df3c62688261e27439d5715fd0d3ca6bf7bf1067e2171642e92aff17e817",
                "sha256:62cdade8b5530f0b185e09855dd422bc05c0bbff6b72ff61381c09dac7befd8c",
                "sha256:67a43aec85f4ea96e72a7b22227ba7a45cf03b7297e1a53418be164bbf68335e",
                "sha256:813b198c169e9442f340743f77093435bf3e1de8d1731f3abc45d44afba17556",
                "sha256:96c44b5604e7674e53e27fce98f3fc68821d9546151b98842c27b533122649da",
                "sha256:a9495356ca1d66ed197a0f72b41eb1823cf7ea8b5bd07191673e8147aecf8604",
                "sha256:bcac468e38d16e94fee4c8f76eef1feb9a06a911e93465f2351a4140fa66d303",
                "sha256:c39d11c72f0e5e71faa35c8c8ef5ee9b810ec99a3c64f05133f1325fe5636bba",
                "sha256:f124185ccc1c1c5e782aa58d46bc28be279673a482334d70de6735d05d8b4b10"
            ],
            "index": "pypi",
            "version": "==0.4.7"
        },
        "pyasn1-modules": {
            "hashes": [
                "sha256:0c35a52e00b672f832e5846826f1fb7507907f7d52fba6faa9e3c4cbe874fe4b",
                "sha256:13a6955947d8a554de78fc305a4d651f20fb5580b88612a5f0661d4f189d27ac",
                "sha256:233f55c840e821e76828262db976ac894b285909d22d060c2bdb522e7bf28cc6",
                "sha256:24d54188cb7abd750e0a2cba61b7b46a75608175a0c3c1b1eee08322915d8d21",
                "sha256:27581362b4253b9c999882a64df974124cde12be0bf2c04148a0d68bc6bbb7b8",
                "sha256:33c220a2701032261a23eea6e9881404ac6fc7ff96f183b5353fea8fc8962547",
                "sha256:64f6aecf26e93f6a3ba3725b4eb9f532551747d7a63ca9ff43aef12f4bf11eac",
                "sha256:7b4edf07ca2f759d7cf693184be09f22e067c2eb52b03c770d0a2e9de1c67dfd",
                "sha256:9b972f81f59d896cebb9ebb1d44296f1acb28bf7869443c37551f4eed8d74f83",
                "sha256:9ca5e376a6d9dee35bb3a62608dfa2e6698798aa6b8db3c7afd0eb31af0d63c7",
                "sha256:b6ada4f840fe51abf5a6bd545b45bf537bea62221fa0dde2e8a553ed9f06a4e3",
                "sha256:c14b107a67ee36a7f183ae9f4803ffde4a03b67f3192eab0a62e851af71371d3",
                "sha256:eaf35047a0b068e3e0c2a99618b13b65c98c329661daa78c9d44a4ef0fe8139e"
            ],
            "index": "pypi",
            "version": "==0.2.7"
        },
        "pycparser": {
            "hashes": [
                "sha256:2d475327684562c3a96cc71adf7dc8c4f0565175cf86b6d7a404ff4c771f15f0",
                "sha256:7582ad22678f0fcd81102833f60ef8d0e57288b6b5fb00323d101be910e35705"
            ],
            "markers": "python_version >= '2.7' and python_version not in '3.0, 3.1, 3.2, 3.3'",
            "version": "==2.20"
        },
        "pyparsing": {
            "hashes": [
                "sha256:c203ec8783bf771a155b207279b9bccb8dea02d8f0c9e5f8ead507bc3246ecc1",
                "sha256:ef9d7589ef3c200abe66653d3f1ab1033c3c419ae9b9bdb1240a85b024efc88b"
            ],
            "markers": "python_version >= '2.6' and python_version not in '3.0, 3.1, 3.2, 3.3'",
            "version": "==2.4.7"
        },
        "pypdf2": {
            "hashes": [
                "sha256:e28f902f2f0a1603ea95ebe21dff311ef09be3d0f0ef29a3e44a932729564385"
            ],
            "index": "pypi",
            "version": "==1.26.0"
        },
        "pytest": {
            "hashes": [
                "sha256:9d1edf9e7d0b84d72ea3dbcdfd22b35fb543a5e8f2a60092dd578936bf63d7f9",
                "sha256:b574b57423e818210672e07ca1fa90aaf194a4f63f3ab909a2c67ebb22913839"
            ],
            "index": "pypi",
            "version": "==6.2.2"
        },
        "python-dateutil": {
            "hashes": [
                "sha256:7e6584c74aeed623791615e26efd690f29817a27c73085b78e4bad02493df2fb",
                "sha256:c89805f6f4d64db21ed966fda138f8a5ed7a4fdbc1a8ee329ce1b74e3c74da9e"
            ],
            "index": "pypi",
            "version": "==2.8.0"
        },
        "pytz": {
            "hashes": [
                "sha256:1c557d7d0e871de1f5ccd5833f60fb2550652da6be2693c1e02300743d21500d",
                "sha256:b02c06db6cf09c12dd25137e563b31700d3b80fcc4ad23abb7a315f2789819be"
            ],
            "index": "pypi",
            "version": "==2019.3"
        },
        "pyyaml": {
            "hashes": [
                "sha256:1adecc22f88d38052fb787d959f003811ca858b799590a5eaa70e63dca50308c",
                "sha256:436bc774ecf7c103814098159fbb84c2715d25980175292c648f2da143909f95",
                "sha256:460a5a4248763f6f37ea225d19d5c205677d8d525f6a83357ca622ed541830c2",
                "sha256:5a22a9c84653debfbf198d02fe592c176ea548cccce47553f35f466e15cf2fd4",
                "sha256:7a5d3f26b89d688db27822343dfa25c599627bc92093e788956372285c6298ad",
                "sha256:9372b04a02080752d9e6f990179a4ab840227c6e2ce15b95e1278456664cf2ba",
                "sha256:a5dcbebee834eaddf3fa7366316b880ff4062e4bcc9787b78c7fbb4a26ff2dd1",
                "sha256:aee5bab92a176e7cd034e57f46e9df9a9862a71f8f37cad167c6fc74c65f5b4e",
                "sha256:c51f642898c0bacd335fc119da60baae0824f2cde95b0330b56c0553439f0673",
                "sha256:c68ea4d3ba1705da1e0d85da6684ac657912679a649e8868bd850d2c299cce13",
                "sha256:e23d0cc5299223dcc37885dae624f382297717e459ea24053709675a976a3e19"
            ],
            "index": "pypi",
            "version": "==5.1"
        },
        "rcssmin": {
            "hashes": [
                "sha256:ca87b695d3d7864157773a61263e5abb96006e9ff0e021eff90cbe0e1ba18270"
            ],
            "index": "pypi",
            "version": "==1.0.6"
        },
        "reportlab": {
            "hashes": [
                "sha256:149f0eeb4ea716441638b05fd6d3667d32f1463f3eac50b63e100a73a5533cdd",
                "sha256:1aa9a2e1a87749db265b592ad25e498b39f70fce9f53a012cdf69f74259b6e43",
                "sha256:1f5ce489adb2db2862249492e6367539cfa65b781cb06dcf13363dc52219be7e",
                "sha256:23b28ba1784a6c52a926c075abd9f396d03670e71934b24db5ff684f8b870e0f",
                "sha256:3d3de0f4facdd7e3c56ecbc55733a958b86c35a8e7ba6066c7b1ba383e282f58",
                "sha256:484d346b8f463ba2ddaf6d365c6ac5971cd062528b6d5ba68cac02b9435366c5",
                "sha256:4da2467def21f2e20720b21f6c18e7f7866720a955c716b990e94e3979fe913f",
                "sha256:5ebdf22daee7d8e630134d94f477fe6abd65a65449d4eec682a7b458b5249604",
                "sha256:655a1b68be18a73fec5233fb5d81f726b4db32269e487aecf5b6853cca926d86",
                "sha256:6c535a304888dafe50c2c24d4924aeefc11e0542488ee6965f6133d415e86bbc",
                "sha256:7560ef655ac6448bb257fd34bfdfb8d546f9c7c0900ed8963fb8509f75e8ca80",
                "sha256:7a1c2fa3e6310dbe47efee2020dc0f25be7a75ff09a8fedc4a87d4397f3810c1",
                "sha256:817c344b9aa53b5bfc2f58ff82111a1e85ca4c8b68d1add088b547360a6ebcfa",
                "sha256:81d950e398d6758aeaeeb267aa1a62940735414c980f77dd0a270cef1782a43d",
                "sha256:83ef44936ef4e9c432d62bc2b72ec8d772b87af319d123e827a72e9b6884c851",
                "sha256:9f975adc2c7a236403f0bc91d7a3916e644e47b1f1e3990325f15e73b83581ec",
                "sha256:a5ca59e2b7e70a856de6db9dadd3e11a1b3b471c999585284d5c1d479c01cf5d",
                "sha256:ad2cf5a673c05fae9e91e987994b95205c13c5fa55d7393cf8b06f9de6f92990",
                "sha256:b8c3d76276372f87b7c8ff22065dbc072cca5ffb06ba0267edc298df7acf942d",
                "sha256:b93f7f908e916d9413dd8c04da1ccb3977e446803f59078424decdc0de449133",
                "sha256:c0ecd0af92c759edec0d24ba92f4a18c28d4a19229ae7c8249f94e82f3d76288",
                "sha256:c9e38eefc90a02c072a87a627ff66b2d67c23f6f82274d2aa7fb28e644e8f409",
                "sha256:ca2a1592d2e181a04372d0276ee847308ea206dfe7c86fe94769e7ac126e6e85",
                "sha256:ce1dfc9beec83e66250ca3afaf5ddf6b9a3ce70a30a9526dec7c6bec3266baf1",
                "sha256:d3550c90751132b26b72a78954905974f33b1237335fbe0d8be957f9636c376a",
                "sha256:e35a574f4e5ec0fdd5dc354e74ec143d853abd7f76db435ffe2a57d0161a22eb",
                "sha256:ee5cafca6ef1a38fef8cbf3140dd2198ad1ee82331530b546039216ef94f93cb",
                "sha256:fa1c969176cb3594a785c6818bcb943ebd49453791f702380b13a35fa23b385a"
            ],
            "index": "pypi",
            "version": "==3.5.32"
        },
        "requests": {
            "hashes": [
                "sha256:11e007a8a2aa0323f5a921e9e6a2d7e4e67d9877e85773fba9ba6419025cbeb4",
                "sha256:9cf5292fcd0f598c671cfc1e0d7d1a7f13bb8085e9a590f48c010551dc6c4b31"
            ],
            "index": "pypi",
            "version": "==2.22.0"
        },
        "requests-oauthlib": {
            "hashes": [
                "sha256:7f71572defaecd16372f9006f33c2ec8c077c3cfa6f5911a9a90202beb513f3d",
                "sha256:b4261601a71fd721a8bd6d7aa1cc1d6a8a93b4a9f5e96626f8e4d91e8beeaa6a",
                "sha256:fa6c47b933f01060936d87ae9327fead68768b69c6c9ea2109c48be30f2d4dbc"
            ],
            "version": "==1.3.0"
        },
        "rjsmin": {
            "hashes": [
                "sha256:0ab825839125eaca57cc59581d72e596e58a7a56fbc0839996b7528f0343a0a8",
                "sha256:211c2fe8298951663bbc02acdffbf714f6793df54bfc50e1c6c9e71b3f2559a3",
                "sha256:466fe70cc5647c7c51b3260c7e2e323a98b2b173564247f9c89e977720a0645f",
                "sha256:585e75a84d9199b68056fd4a083d9a61e2a92dfd10ff6d4ce5bdb04bc3bdbfaf",
                "sha256:6044ca86e917cd5bb2f95e6679a4192cef812122f28ee08c677513de019629b3",
                "sha256:714329db774a90947e0e2086cdddb80d5e8c4ac1c70c9f92436378dedb8ae345",
                "sha256:799890bd07a048892d8d3deb9042dbc20b7f5d0eb7da91e9483c561033b23ce2",
                "sha256:975b69754d6a76be47c0bead12367a1ca9220d08e5393f80bab0230d4625d1f4",
                "sha256:b15dc75c71f65d9493a8c7fa233fdcec823e3f1b88ad84a843ffef49b338ac32",
                "sha256:dd0f4819df4243ffe4c964995794c79ca43943b5b756de84be92b445a652fb86",
                "sha256:e3908b21ebb584ce74a6ac233bdb5f29485752c9d3be5e50c5484ed74169232c",
                "sha256:e487a7783ac4339e79ec610b98228eb9ac72178973e3dee16eba0e3feef25924",
                "sha256:ecd29f1b3e66a4c0753105baec262b331bcbceefc22fbe6f7e8bcd2067bcb4d7"
            ],
            "index": "pypi",
            "version": "==1.1.0"
        },
        "rsa": {
            "hashes": [
                "sha256:14ba45700ff1ec9eeb206a2ce76b32814958a98e372006c8fb76ba820211be66",
                "sha256:1a836406405730121ae9823e19c6e806c62bbad73f890574fff50efa4122c487"
            ],
            "index": "pypi",
            "version": "==4.0"
        },
        "six": {
            "hashes": [
                "sha256:3350809f0555b11f552448330d0b52d5f24c91a322ea4a15ef22629740f3761c",
                "sha256:d16a0141ec1a18405cd4ce8b4613101da75da0e9a7aec5bdd4fa804d0e0eba73"
            ],
            "index": "pypi",
            "version": "==1.12.0"
        },
        "split-settings": {
            "hashes": [
                "sha256:01bf629db64b4fab5d7e78fe3064fee08761f97d382fd38bea87c9772c5ab247",
                "sha256:78904bbbaaaa400d9a5ebc4ac316cbd322f8042ee70ecbcfb60b5ddd8adcd2d2"
            ],
            "index": "pypi",
            "version": "==1.0.0"
        },
        "sqlparse": {
            "hashes": [
                "sha256:40afe6b8d4b1117e7dff5504d7a8ce07d9a1b15aeeade8a2d10f130a834f8177",
                "sha256:7c3dca29c022744e95b547e867cee89f4fce4373f3549ccd8797d8eb52cdb873"
            ],
            "index": "pypi",
            "version": "==0.3.0"
        },
        "text-unidecode": {
            "hashes": [
                "sha256:1311f10e8b895935241623731c2ba64f4c455287888b18189350b67134a822e8",
                "sha256:bad6603bb14d279193107714b288be206cac565dfa49aa5b105294dd5c4aab93"
            ],
            "index": "pypi",
            "version": "==1.3"
        },
        "toml": {
            "hashes": [
                "sha256:806143ae5bfb6a3c6e736a764057db0e6a0e05e338b5630894a5f779cabb4f9b",
                "sha256:b3bda1d108d5dd99f4a20d24d9c348e91c4db7ab1b749200bded2f839ccbe68f"
            ],
            "markers": "python_version >= '2.6' and python_version not in '3.0, 3.1, 3.2, 3.3'",
            "version": "==0.10.2"
        },
        "typing-extensions": {
            "hashes": [
                "sha256:7cb407020f00f7bfc3cb3e7881628838e69d8f3fcab2f64742a5e76b2f841918",
                "sha256:99d4073b617d30288f569d3f13d2bd7548c3a7e4c8de87db09a9d29bb3a4a60c",
                "sha256:dafc7639cde7f1b6e1acc0f457842a83e722ccca8eef5270af2d74792619a89f"
            ],
            "markers": "python_version < '3.8'",
            "version": "==3.7.4.3"
        },
        "urllib3": {
            "hashes": [
                "sha256:3de946ffbed6e6746608990594d08faac602528ac7015ac28d33cee6a45b7398",
                "sha256:9a107b99a5393caf59c7aa3c1249c16e6879447533d0887f4336dde834c7be86"
            ],
            "index": "pypi",
            "version": "==1.25.6"
        },
        "uwsgi": {
            "hashes": [
                "sha256:4972ac538800fb2d421027f49b4a1869b66048839507ccf0aa2fda792d99f583"
            ],
            "index": "pypi",
            "version": "==2.0.18"
        },
        "vine": {
            "hashes": [
                "sha256:133ee6d7a9016f177ddeaf191c1f58421a1dcc6ee9a42c58b34bed40e1d2cd87",
                "sha256:ea4947cc56d1fd6f2095c8d543ee25dad966f78692528e68b4fada11ba3f98af"
            ],
            "markers": "python_version >= '2.7' and python_version not in '3.0, 3.1, 3.2, 3.3'",
            "version": "==1.3.0"
        },
        "webencodings": {
            "hashes": [
                "sha256:a0af1213f3c2226497a97e2b3aa01a7e4bee4f403f95be16fc9acd2947514a78",
                "sha256:b36a1c245f2d304965eb4e0a82848379241dc04b865afcc4aab16748587e1923"
            ],
            "index": "pypi",
            "version": "==0.5.1"
        },
        "xhtml2pdf": {
            "hashes": [
                "sha256:6793fbbdcb6bb8a4a70132966d8d95e95ea3498cdf0e82252d2b8e9aae34fcb5"
            ],
            "index": "pypi",
            "version": "==0.2.4"
        },
        "zipp": {
            "hashes": [
                "sha256:102c24ef8f171fd729d46599845e95c7ab894a4cf45f5de11a44cc7444fb1108",
                "sha256:ed5eee1974372595f9e416cc7bbeeb12335201d8081ca8a0743c954d4446e5cb"
            ],
            "markers": "python_version >= '3.6'",
            "version": "==3.4.0"
        }
    },
    "develop": {}
}
